
Microsoft Visual Studio Solution File, Format Version 12.00
# Visual Studio Version 17
VisualStudioVersion = 17.2.32630.192
MinimumVisualStudioVersion = 10.0.40219.1
Project("{9A19103F-16F7-4668-BE54-9A1E7A4F7556}") = "ExamenPGG.Data", "ExamenPGG.Data\ExamenPGG.Data.csproj", "{84B73BC1-6764-4172-BCB8-E31529940768}"
EndProject
Project("{9A19103F-16F7-4668-BE54-9A1E7A4F7556}") = "ExamenPGG.Business", "ExamenPGG.Business\ExamenPGG.Business.csproj", "{365FC833-D067-466F-AABD-27B036CEE892}"
EndProject
Project("{9A19103F-16F7-4668-BE54-9A1E7A4F7556}") = "ExamenPGG.Business.Tests", "ExamenPGG.Business.Tests\ExamenPGG.Business.Tests.csproj", "{2ADA77A8-8E0D-41FF-BC0A-38928923A430}"
EndProject
Project("{9A19103F-16F7-4668-BE54-9A1E7A4F7556}") = "ExamenPGG.UI", "ExamenPGG.UI\ExamenPGG.UI.csproj", "{D80320DD-9F6E-439B-BB3F-32B7CD615968}"
EndProject
Project("{9A19103F-16F7-4668-BE54-9A1E7A4F7556}") = "ExamenPGG", "ExamenPGG\ExamenPGG.csproj", "{79D34F58-094F-40D9-8D4C-2FB384C56D85}"
EndProject
Global
	GlobalSection(SolutionConfigurationPlatforms) = preSolution
		Debug|Any CPU = Debug|Any CPU
		Release|Any CPU = Release|Any CPU
	EndGlobalSection
	GlobalSection(ProjectConfigurationPlatforms) = postSolution
		{84B73BC1-6764-4172-BCB8-E31529940768}.Debug|Any CPU.ActiveCfg = Debug|Any CPU
		{84B73BC1-6764-4172-BCB8-E31529940768}.Debug|Any CPU.Build.0 = Debug|Any CPU
		{84B73BC1-6764-4172-BCB8-E31529940768}.Release|Any CPU.ActiveCfg = Release|Any CPU
		{84B73BC1-6764-4172-BCB8-E31529940768}.Release|Any CPU.Build.0 = Release|Any CPU
		{365FC833-D067-466F-AABD-27B036CEE892}.Debug|Any CPU.ActiveCfg = Debug|Any CPU
		{365FC833-D067-466F-AABD-27B036CEE892}.Debug|Any CPU.Build.0 = Debug|Any CPU
		{365FC833-D067-466F-AABD-27B036CEE892}.Release|Any CPU.ActiveCfg = Release|Any CPU
		{365FC833-D067-466F-AABD-27B036CEE892}.Release|Any CPU.Build.0 = Release|Any CPU
		{2ADA77A8-8E0D-41FF-BC0A-38928923A430}.Debug|Any CPU.ActiveCfg = Debug|Any CPU
		{2ADA77A8-8E0D-41FF-BC0A-38928923A430}.Debug|Any CPU.Build.0 = Debug|Any CPU
		{2ADA77A8-8E0D-41FF-BC0A-38928923A430}.Release|Any CPU.ActiveCfg = Release|Any CPU
		{2ADA77A8-8E0D-41FF-BC0A-38928923A430}.Release|Any CPU.Build.0 = Release|Any CPU
		{D80320DD-9F6E-439B-BB3F-32B7CD615968}.Debug|Any CPU.ActiveCfg = Debug|Any CPU
		{D80320DD-9F6E-439B-BB3F-32B7CD615968}.Debug|Any CPU.Build.0 = Debug|Any CPU
		{D80320DD-9F6E-439B-BB3F-32B7CD615968}.Debug|Any CPU.Deploy.0 = Debug|Any CPU
		{D80320DD-9F6E-439B-BB3F-32B7CD615968}.Release|Any CPU.ActiveCfg = Release|Any CPU
		{D80320DD-9F6E-439B-BB3F-32B7CD615968}.Release|Any CPU.Build.0 = Release|Any CPU
		{D80320DD-9F6E-439B-BB3F-32B7CD615968}.Release|Any CPU.Deploy.0 = Release|Any CPU
		{79D34F58-094F-40D9-8D4C-2FB384C56D85}.Debug|Any CPU.ActiveCfg = Debug|Any CPU
		{79D34F58-094F-40D9-8D4C-2FB384C56D85}.Debug|Any CPU.Build.0 = Debug|Any CPU
		{79D34F58-094F-40D9-8D4C-2FB384C56D85}.Release|Any CPU.ActiveCfg = Release|Any CPU
		{79D34F58-094F-40D9-8D4C-2FB384C56D85}.Release|Any CPU.Build.0 = Release|Any CPU
	EndGlobalSection
	GlobalSection(SolutionProperties) = preSolution
		HideSolutionNode = FALSE
	EndGlobalSection
	GlobalSection(ExtensibilityGlobals) = postSolution
		SolutionGuid = {58C61299-AF1C-41FA-89E5-6212C6C3FDA3}
	EndGlobalSection
EndGlobal
